
Microsoft Visual Studio Solution File, Format Version 12.00
# Visual Studio 2012
Project("{FAE04EC0-301F-11D3-BF4B-00C04F79EFBC}") = "CreditCardApplication", "CreditCardApplication\CreditCardApplication.csproj", "{5B002ADC-789F-4172-8672-C5409998CF4B}"
EndProject
Project("{FAE04EC0-301F-11D3-BF4B-00C04F79EFBC}") = "CreditCardApplication.Tests", "CreditCardApplication.Tests\CreditCardApplication.Tests.csproj", "{11D298E7-62F7-4D00-96A9-1F4768025727}"
EndProject
Global
	GlobalSection(SolutionConfigurationPlatforms) = preSolution
		Debug|Any CPU = Debug|Any CPU
		Release|Any CPU = Release|Any CPU
	EndGlobalSection
	GlobalSection(ProjectConfigurationPlatforms) = postSolution
		{5B002ADC-789F-4172-8672-C5409998CF4B}.Debug|Any CPU.ActiveCfg = Debug|Any CPU
		{5B002ADC-789F-4172-8672-C5409998CF4B}.Debug|Any CPU.Build.0 = Debug|Any CPU
		{5B002ADC-789F-4172-8672-C5409998CF4B}.Release|Any CPU.ActiveCfg = Release|Any CPU
		{5B002ADC-789F-4172-8672-C5409998CF4B}.Release|Any CPU.Build.0 = Release|Any CPU
		{11D298E7-62F7-4D00-96A9-1F4768025727}.Debug|Any CPU.ActiveCfg = Debug|Any CPU
		{11D298E7-62F7-4D00-96A9-1F4768025727}.Debug|Any CPU.Build.0 = Debug|Any CPU
		{11D298E7-62F7-4D00-96A9-1F4768025727}.Release|Any CPU.ActiveCfg = Release|Any CPU
		{11D298E7-62F7-4D00-96A9-1F4768025727}.Release|Any CPU.Build.0 = Release|Any CPU
	EndGlobalSection
EndGlobal
